
Microsoft Visual Studio Solution File, Format Version 12.00
# Visual Studio Version 17
VisualStudioVersion = 17.0.32126.317
MinimumVisualStudioVersion = 10.0.40219.1
Project("{FAE04EC0-301F-11D3-BF4B-00C04F79EFBC}") = "cSharp", "cSharp\cSharp.csproj", "{17EE2C0F-B123-4E8E-8BBB-AC2ED0C67B10}"
EndProject
Global
	GlobalSection(SolutionConfigurationPlatforms) = preSolution
		Debug|Any CPU = Debug|Any CPU
		Release|Any CPU = Release|Any CPU
	EndGlobalSection
	GlobalSection(ProjectConfigurationPlatforms) = postSolution
		{17EE2C0F-B123-4E8E-8BBB-AC2ED0C67B10}.Debug|Any CPU.ActiveCfg = Debug|Any CPU
		{17EE2C0F-B123-4E8E-8BBB-AC2ED0C67B10}.Debug|Any CPU.Build.0 = Debug|Any CPU
		{17EE2C0F-B123-4E8E-8BBB-AC2ED0C67B10}.Release|Any CPU.ActiveCfg = Release|Any CPU
		{17EE2C0F-B123-4E8E-8BBB-AC2ED0C67B10}.Release|Any CPU.Build.0 = Release|Any CPU
	EndGlobalSection
	GlobalSection(SolutionProperties) = preSolution
		HideSolutionNode = FALSE
	EndGlobalSection
	GlobalSection(ExtensibilityGlobals) = postSolution
		SolutionGuid = {B6CC6E28-486B-4065-B2BE-93B2BCE15D6F}
	EndGlobalSection
EndGlobal
